
Microsoft Visual Studio Solution File, Format Version 12.00
# Visual Studio Version 17
VisualStudioVersion = 17.13.35931.197 d17.13
MinimumVisualStudioVersion = 10.0.40219.1
Project("{FAE04EC0-301F-11D3-BF4B-00C04F79EFBC}") = "LifeDash", "LifeDash\LifeDash.csproj", "{F551DD94-CB72-4EDF-AB71-A7AA16815999}"
EndProject
Global
	GlobalSection(SolutionConfigurationPlatforms) = preSolution
		Debug|Any CPU = Debug|Any CPU
		Release|Any CPU = Release|Any CPU
	EndGlobalSection
	GlobalSection(ProjectConfigurationPlatforms) = postSolution
		{F551DD94-CB72-4EDF-AB71-A7AA16815999}.Debug|Any CPU.ActiveCfg = Debug|Any CPU
		{F551DD94-CB72-4EDF-AB71-A7AA16815999}.Debug|Any CPU.Build.0 = Debug|Any CPU
		{F551DD94-CB72-4EDF-AB71-A7AA16815999}.Release|Any CPU.ActiveCfg = Release|Any CPU
		{F551DD94-CB72-4EDF-AB71-A7AA16815999}.Release|Any CPU.Build.0 = Release|Any CPU
	EndGlobalSection
	GlobalSection(SolutionProperties) = preSolution
		HideSolutionNode = FALSE
	EndGlobalSection
	GlobalSection(ExtensibilityGlobals) = postSolution
		SolutionGuid = {9D550C3D-9937-4D6E-AF53-C57964CB2810}
	EndGlobalSection
EndGlobal
